
Microsoft Visual Studio Solution File, Format Version 12.00
# Visual Studio Version 17
VisualStudioVersion = 17.13.35931.197 d17.13
MinimumVisualStudioVersion = 10.0.40219.1
Project("{FAE04EC0-301F-11D3-BF4B-00C04F79EFBC}") = "SolucionLeerAnexos", "SolucionLeerAnexos.csproj", "{1169679E-718C-4DE5-850C-226F2C81831F}"
EndProject
Global
	GlobalSection(SolutionConfigurationPlatforms) = preSolution
		Debug|Any CPU = Debug|Any CPU
		Release|Any CPU = Release|Any CPU
	EndGlobalSection
	GlobalSection(ProjectConfigurationPlatforms) = postSolution
		{1169679E-718C-4DE5-850C-226F2C81831F}.Debug|Any CPU.ActiveCfg = Debug|Any CPU
		{1169679E-718C-4DE5-850C-226F2C81831F}.Debug|Any CPU.Build.0 = Debug|Any CPU
		{1169679E-718C-4DE5-850C-226F2C81831F}.Release|Any CPU.ActiveCfg = Release|Any CPU
		{1169679E-718C-4DE5-850C-226F2C81831F}.Release|Any CPU.Build.0 = Release|Any CPU
	EndGlobalSection
	GlobalSection(SolutionProperties) = preSolution
		HideSolutionNode = FALSE
	EndGlobalSection
	GlobalSection(ExtensibilityGlobals) = postSolution
		SolutionGuid = {65FE0254-1780-4642-9430-F6CA3440FFA7}
	EndGlobalSection
EndGlobal
